
Microsoft Visual Studio Solution File, Format Version 12.00
# Visual Studio Version 17
VisualStudioVersion = 17.0.31903.59
MinimumVisualStudioVersion = 10.0.40219.1
Project("{9A19103F-16F7-4668-BE54-9A1E7A4F7556}") = "LogoSlideMaker.Lib", "LogoSlideMaker.Lib\LogoSlideMaker.Lib.csproj", "{5D655087-2A61-46D6-BF3C-8365A04EFFB4}"
EndProject
Project("{9A19103F-16F7-4668-BE54-9A1E7A4F7556}") = "LogoSlideMaker", "LogoSlideMaker\LogoSlideMaker.csproj", "{F7563FDC-757D-4B68-8274-7C0A8342C6A5}"
EndProject
Project("{2150E333-8FDC-42A3-9474-1A3956D46DE8}") = "submodules", "submodules", "{FB310608-0E69-426C-B9D2-A378496CC4F3}"
EndProject
Project("{2150E333-8FDC-42A3-9474-1A3956D46DE8}") = "ShapeCrawler", "ShapeCrawler", "{7C40527D-187A-4C52-96E0-9300334E9B54}"
EndProject
Project("{2150E333-8FDC-42A3-9474-1A3956D46DE8}") = "src", "src", "{CA959E85-7410-4DA0-ACE9-7337289225E0}"
EndProject
Project("{9A19103F-16F7-4668-BE54-9A1E7A4F7556}") = "ShapeCrawler", "submodules\ShapeCrawler\src\ShapeCrawler\ShapeCrawler.csproj", "{7105EB11-9800-43E1-AC50-43D9130466ED}"
EndProject
Project("{9A19103F-16F7-4668-BE54-9A1E7A4F7556}") = "LogoSlideMaker.WinUi", "LogoSlideMaker.WinUi\LogoSlideMaker.WinUi.csproj", "{B33DC8B3-0F84-46E9-A15D-81D2C3A449DA}"
EndProject
Project("{9A19103F-16F7-4668-BE54-9A1E7A4F7556}") = "LogoSlideMaker.Tests", "LogoSlideMaker.Tests\LogoSlideMaker.Tests.csproj", "{30B438C9-4C66-4F39-A6EF-84C24FAF96EF}"
EndProject
Global
	GlobalSection(SolutionConfigurationPlatforms) = preSolution
		Debug|Any CPU = Debug|Any CPU
		Debug|ARM64 = Debug|ARM64
		Debug|x64 = Debug|x64
		Release|Any CPU = Release|Any CPU
		Release|ARM64 = Release|ARM64
		Release|x64 = Release|x64
	EndGlobalSection
	GlobalSection(ProjectConfigurationPlatforms) = postSolution
		{5D655087-2A61-46D6-BF3C-8365A04EFFB4}.Debug|Any CPU.ActiveCfg = Debug|Any CPU
		{5D655087-2A61-46D6-BF3C-8365A04EFFB4}.Debug|Any CPU.Build.0 = Debug|Any CPU
		{5D655087-2A61-46D6-BF3C-8365A04EFFB4}.Debug|ARM64.ActiveCfg = Debug|ARM64
		{5D655087-2A61-46D6-BF3C-8365A04EFFB4}.Debug|ARM64.Build.0 = Debug|ARM64
		{5D655087-2A61-46D6-BF3C-8365A04EFFB4}.Debug|x64.ActiveCfg = Debug|x64
		{5D655087-2A61-46D6-BF3C-8365A04EFFB4}.Debug|x64.Build.0 = Debug|x64
		{5D655087-2A61-46D6-BF3C-8365A04EFFB4}.Release|Any CPU.ActiveCfg = Release|Any CPU
		{5D655087-2A61-46D6-BF3C-8365A04EFFB4}.Release|Any CPU.Build.0 = Release|Any CPU
		{5D655087-2A61-46D6-BF3C-8365A04EFFB4}.Release|ARM64.ActiveCfg = Release|ARM64
		{5D655087-2A61-46D6-BF3C-8365A04EFFB4}.Release|ARM64.Build.0 = Release|ARM64
		{5D655087-2A61-46D6-BF3C-8365A04EFFB4}.Release|x64.ActiveCfg = Release|x64
		{5D655087-2A61-46D6-BF3C-8365A04EFFB4}.Release|x64.Build.0 = Release|x64
		{F7563FDC-757D-4B68-8274-7C0A8342C6A5}.Debug|Any CPU.ActiveCfg = Debug|Any CPU
		{F7563FDC-757D-4B68-8274-7C0A8342C6A5}.Debug|Any CPU.Build.0 = Debug|Any CPU
		{F7563FDC-757D-4B68-8274-7C0A8342C6A5}.Debug|ARM64.ActiveCfg = Debug|ARM64
		{F7563FDC-757D-4B68-8274-7C0A8342C6A5}.Debug|ARM64.Build.0 = Debug|ARM64
		{F7563FDC-757D-4B68-8274-7C0A8342C6A5}.Debug|x64.ActiveCfg = Debug|x64
		{F7563FDC-757D-4B68-8274-7C0A8342C6A5}.Debug|x64.Build.0 = Debug|x64
		{F7563FDC-757D-4B68-8274-7C0A8342C6A5}.Release|Any CPU.ActiveCfg = Release|Any CPU
		{F7563FDC-757D-4B68-8274-7C0A8342C6A5}.Release|Any CPU.Build.0 = Release|Any CPU
		{F7563FDC-757D-4B68-8274-7C0A8342C6A5}.Release|ARM64.ActiveCfg = Release|ARM64
		{F7563FDC-757D-4B68-8274-7C0A8342C6A5}.Release|ARM64.Build.0 = Release|ARM64
		{F7563FDC-757D-4B68-8274-7C0A8342C6A5}.Release|x64.ActiveCfg = Release|x64
		{F7563FDC-757D-4B68-8274-7C0A8342C6A5}.Release|x64.Build.0 = Release|x64
		{7105EB11-9800-43E1-AC50-43D9130466ED}.Debug|Any CPU.ActiveCfg = Debug|Any CPU
		{7105EB11-9800-43E1-AC50-43D9130466ED}.Debug|Any CPU.Build.0 = Debug|Any CPU
		{7105EB11-9800-43E1-AC50-43D9130466ED}.Debug|ARM64.ActiveCfg = Debug|ARM64
		{7105EB11-9800-43E1-AC50-43D9130466ED}.Debug|ARM64.Build.0 = Debug|ARM64
		{7105EB11-9800-43E1-AC50-43D9130466ED}.Debug|x64.ActiveCfg = Debug|x64
		{7105EB11-9800-43E1-AC50-43D9130466ED}.Debug|x64.Build.0 = Debug|x64
		{7105EB11-9800-43E1-AC50-43D9130466ED}.Release|Any CPU.ActiveCfg = Release|Any CPU
		{7105EB11-9800-43E1-AC50-43D9130466ED}.Release|Any CPU.Build.0 = Release|Any CPU
		{7105EB11-9800-43E1-AC50-43D9130466ED}.Release|ARM64.ActiveCfg = Release|ARM64
		{7105EB11-9800-43E1-AC50-43D9130466ED}.Release|ARM64.Build.0 = Release|ARM64
		{7105EB11-9800-43E1-AC50-43D9130466ED}.Release|x64.ActiveCfg = Release|x64
		{7105EB11-9800-43E1-AC50-43D9130466ED}.Release|x64.Build.0 = Release|x64
		{B33DC8B3-0F84-46E9-A15D-81D2C3A449DA}.Debug|Any CPU.ActiveCfg = Debug|x64
		{B33DC8B3-0F84-46E9-A15D-81D2C3A449DA}.Debug|Any CPU.Build.0 = Debug|x64
		{B33DC8B3-0F84-46E9-A15D-81D2C3A449DA}.Debug|Any CPU.Deploy.0 = Debug|x64
		{B33DC8B3-0F84-46E9-A15D-81D2C3A449DA}.Debug|ARM64.ActiveCfg = Debug|ARM64
		{B33DC8B3-0F84-46E9-A15D-81D2C3A449DA}.Debug|ARM64.Build.0 = Debug|ARM64
		{B33DC8B3-0F84-46E9-A15D-81D2C3A449DA}.Debug|ARM64.Deploy.0 = Debug|ARM64
		{B33DC8B3-0F84-46E9-A15D-81D2C3A449DA}.Debug|x64.ActiveCfg = Debug|x64
		{B33DC8B3-0F84-46E9-A15D-81D2C3A449DA}.Debug|x64.Build.0 = Debug|x64
		{B33DC8B3-0F84-46E9-A15D-81D2C3A449DA}.Debug|x64.Deploy.0 = Debug|x64
		{B33DC8B3-0F84-46E9-A15D-81D2C3A449DA}.Release|Any CPU.ActiveCfg = Release|x86
		{B33DC8B3-0F84-46E9-A15D-81D2C3A449DA}.Release|Any CPU.Build.0 = Release|x86
		{B33DC8B3-0F84-46E9-A15D-81D2C3A449DA}.Release|ARM64.ActiveCfg = Release|ARM64
		{B33DC8B3-0F84-46E9-A15D-81D2C3A449DA}.Release|ARM64.Build.0 = Release|ARM64
		{B33DC8B3-0F84-46E9-A15D-81D2C3A449DA}.Release|ARM64.Deploy.0 = Release|ARM64
		{B33DC8B3-0F84-46E9-A15D-81D2C3A449DA}.Release|x64.ActiveCfg = Release|x64
		{B33DC8B3-0F84-46E9-A15D-81D2C3A449DA}.Release|x64.Build.0 = Release|x64
		{B33DC8B3-0F84-46E9-A15D-81D2C3A449DA}.Release|x64.Deploy.0 = Release|x64
		{30B438C9-4C66-4F39-A6EF-84C24FAF96EF}.Debug|Any CPU.ActiveCfg = Debug|Any CPU
		{30B438C9-4C66-4F39-A6EF-84C24FAF96EF}.Debug|Any CPU.Build.0 = Debug|Any CPU
		{30B438C9-4C66-4F39-A6EF-84C24FAF96EF}.Debug|ARM64.ActiveCfg = Debug|ARM64
		{30B438C9-4C66-4F39-A6EF-84C24FAF96EF}.Debug|ARM64.Build.0 = Debug|ARM64
		{30B438C9-4C66-4F39-A6EF-84C24FAF96EF}.Debug|x64.ActiveCfg = Debug|x64
		{30B438C9-4C66-4F39-A6EF-84C24FAF96EF}.Debug|x64.Build.0 = Debug|x64
		{30B438C9-4C66-4F39-A6EF-84C24FAF96EF}.Release|Any CPU.ActiveCfg = Release|Any CPU
		{30B438C9-4C66-4F39-A6EF-84C24FAF96EF}.Release|Any CPU.Build.0 = Release|Any CPU
		{30B438C9-4C66-4F39-A6EF-84C24FAF96EF}.Release|ARM64.ActiveCfg = Release|ARM64
		{30B438C9-4C66-4F39-A6EF-84C24FAF96EF}.Release|ARM64.Build.0 = Release|ARM64
		{30B438C9-4C66-4F39-A6EF-84C24FAF96EF}.Release|x64.ActiveCfg = Release|x64
		{30B438C9-4C66-4F39-A6EF-84C24FAF96EF}.Release|x64.Build.0 = Release|x64
	EndGlobalSection
	GlobalSection(SolutionProperties) = preSolution
		HideSolutionNode = FALSE
	EndGlobalSection
	GlobalSection(NestedProjects) = preSolution
		{7C40527D-187A-4C52-96E0-9300334E9B54} = {FB310608-0E69-426C-B9D2-A378496CC4F3}
		{CA959E85-7410-4DA0-ACE9-7337289225E0} = {7C40527D-187A-4C52-96E0-9300334E9B54}
		{7105EB11-9800-43E1-AC50-43D9130466ED} = {CA959E85-7410-4DA0-ACE9-7337289225E0}
	EndGlobalSection
	GlobalSection(ExtensibilityGlobals) = postSolution
		SolutionGuid = {CF6A0A66-54B5-4062-8804-1999723FFB14}
	EndGlobalSection
EndGlobal
